
Microsoft Visual Studio Solution File, Format Version 12.00
# Visual Studio Version 16
VisualStudioVersion = 16.0.30804.86
MinimumVisualStudioVersion = 10.0.40219.1
Project("{8BC9CEB8-8B4A-11D0-8D11-00A0C91BC942}") = "Baseball", "Baseball.vcxproj", "{C14B680B-9DE8-D875-6925-0439E6351BDC}"
	ProjectSection(ProjectDependencies) = postProject
		{5A480A2F-19EC-4E2A-82C9-ADB93220B783} = {5A480A2F-19EC-4E2A-82C9-ADB93220B783}
	EndProjectSection
EndProject
Project("{2150E333-8FDC-42A3-9474-1A3956D46DE8}") = "Solution Items", "Solution Items", "{750001E9-9E38-424D-876C-5DDDEF4ECBB2}"
	ProjectSection(SolutionItems) = preProject
		Baseball.vsd = Baseball.vsd
	EndProjectSection
EndProject
Project("{8BC9CEB8-8B4A-11D0-8D11-00A0C91BC942}") = "SqLiteDLL", "SqLiteDLL\SqLiteDLL.vcxproj", "{5A480A2F-19EC-4E2A-82C9-ADB93220B783}"
EndProject
Global
	GlobalSection(SolutionConfigurationPlatforms) = preSolution
		Debug|Win32 = Debug|Win32
		Release|Win32 = Release|Win32
	EndGlobalSection
	GlobalSection(ProjectConfigurationPlatforms) = postSolution
		{C14B680B-9DE8-D875-6925-0439E6351BDC}.Debug|Win32.ActiveCfg = Debug|Win32
		{C14B680B-9DE8-D875-6925-0439E6351BDC}.Debug|Win32.Build.0 = Debug|Win32
		{C14B680B-9DE8-D875-6925-0439E6351BDC}.Release|Win32.ActiveCfg = Release|Win32
		{C14B680B-9DE8-D875-6925-0439E6351BDC}.Release|Win32.Build.0 = Release|Win32
		{5A480A2F-19EC-4E2A-82C9-ADB93220B783}.Debug|Win32.ActiveCfg = Debug|Win32
		{5A480A2F-19EC-4E2A-82C9-ADB93220B783}.Debug|Win32.Build.0 = Debug|Win32
		{5A480A2F-19EC-4E2A-82C9-ADB93220B783}.Release|Win32.ActiveCfg = Release|Win32
		{5A480A2F-19EC-4E2A-82C9-ADB93220B783}.Release|Win32.Build.0 = Release|Win32
	EndGlobalSection
	GlobalSection(SolutionProperties) = preSolution
		HideSolutionNode = FALSE
	EndGlobalSection
	GlobalSection(ExtensibilityGlobals) = postSolution
		SolutionGuid = {3B899C13-BE6C-49CB-8793-2CD175ACBA18}
	EndGlobalSection
EndGlobal
