<?xml version="1.0" encoding="utf-8"?>
<Project ToolsVersion="4.0" xmlns="http://schemas.microsoft.com/developer/msbuild/2003">
  <ItemGroup>
    <Filter Include="Source Files">
      <UniqueIdentifier>{8496b227-c090-4e4e-8f4b-81fb2cc8a7d1}</UniqueIdentifier>
      <Extensions>cpp;c;cxx;rc;def;r;odl;idl;hpj;bat</Extensions>
    </Filter>
    <Filter Include="Header Files">
      <UniqueIdentifier>{be7f2cc8-4ab6-4c24-bc33-89bbeb9a9b4d}</UniqueIdentifier>
      <Extensions>h;hpp;hxx;hm;inl</Extensions>
    </Filter>
    <Filter Include="Resource Files">
      <UniqueIdentifier>{be9bfcdf-94c3-439f-b087-68faec086cfb}</UniqueIdentifier>
      <Extensions>ico;cur;bmp;dlg;rc2;rct;bin;cnt;rtf;gif;jpg;jpeg;jpe</Extensions>
    </Filter>
    <Filter Include="Help Files">
      <UniqueIdentifier>{873a836d-5fe6-4198-8b72-182d4caaea2e}</UniqueIdentifier>
    </Filter>
  </ItemGroup>
  <ItemGroup>
    <ClCompile Include="AddLeague.cpp">
      <Filter>Source Files</Filter>
    </ClCompile>
    <ClCompile Include="AddTeam.cpp">
      <Filter>Source Files</Filter>
    </ClCompile>
    <ClCompile Include="Baseball.cpp">
      <Filter>Source Files</Filter>
    </ClCompile>
    <ClCompile Include="BaseballDoc.cpp">
      <Filter>Source Files</Filter>
    </ClCompile>
    <ClCompile Include="BaseballView.cpp">
      <Filter>Source Files</Filter>
    </ClCompile>
    <ClCompile Include="ChildFrm.cpp">
      <Filter>Source Files</Filter>
    </ClCompile>
    <ClCompile Include="dialogs.cpp">
      <Filter>Source Files</Filter>
    </ClCompile>
    <ClCompile Include="DlgAddDivision.cpp">
      <Filter>Source Files</Filter>
    </ClCompile>
    <ClCompile Include="DlgAddTeams.cpp">
      <Filter>Source Files</Filter>
    </ClCompile>
    <ClCompile Include="FileStruct.cpp">
      <Filter>Source Files</Filter>
    </ClCompile>
    <ClCompile Include="FormA.cpp">
      <Filter>Source Files</Filter>
    </ClCompile>
    <ClCompile Include="FormB.cpp">
      <Filter>Source Files</Filter>
    </ClCompile>
    <ClCompile Include="MainFrm.cpp">
      <Filter>Source Files</Filter>
    </ClCompile>
    <ClCompile Include="Registry.cpp">
      <Filter>Source Files</Filter>
    </ClCompile>
    <ClCompile Include="Splash.cpp">
      <Filter>Source Files</Filter>
    </ClCompile>
    <ClCompile Include="StdAfx.cpp">
      <Filter>Source Files</Filter>
    </ClCompile>
    <ClCompile Include="Database.cpp">
      <Filter>Source Files</Filter>
    </ClCompile>
    <ClCompile Include="Batter.cpp">
      <Filter>Source Files</Filter>
    </ClCompile>
    <ClCompile Include="BatterStats.cpp">
      <Filter>Source Files</Filter>
    </ClCompile>
    <ClCompile Include="Pitcher.cpp">
      <Filter>Source Files</Filter>
    </ClCompile>
    <ClCompile Include="PitcherStats.cpp">
      <Filter>Source Files</Filter>
    </ClCompile>
    <ClCompile Include="Conferences.cpp">
      <Filter>Source Files</Filter>
    </ClCompile>
    <ClCompile Include="Divisions.cpp">
      <Filter>Source Files</Filter>
    </ClCompile>
    <ClCompile Include="Leagues.cpp">
      <Filter>Source Files</Filter>
    </ClCompile>
    <ClCompile Include="Teams.cpp">
      <Filter>Source Files</Filter>
    </ClCompile>
  </ItemGroup>
  <ItemGroup>
    <ResourceCompile Include="Baseball.rc">
      <Filter>Source Files</Filter>
    </ResourceCompile>
  </ItemGroup>
  <ItemGroup>
    <ClInclude Include="AddLeague.h">
      <Filter>Header Files</Filter>
    </ClInclude>
    <ClInclude Include="AddTeam.h">
      <Filter>Header Files</Filter>
    </ClInclude>
    <ClInclude Include="Baseball.h">
      <Filter>Header Files</Filter>
    </ClInclude>
    <ClInclude Include="BaseballDoc.h">
      <Filter>Header Files</Filter>
    </ClInclude>
    <ClInclude Include="BaseballView.h">
      <Filter>Header Files</Filter>
    </ClInclude>
    <ClInclude Include="ChildFrm.h">
      <Filter>Header Files</Filter>
    </ClInclude>
    <ClInclude Include="dialogs.h">
      <Filter>Header Files</Filter>
    </ClInclude>
    <ClInclude Include="DlgAddDivision.h">
      <Filter>Header Files</Filter>
    </ClInclude>
    <ClInclude Include="DlgAddTeams.h">
      <Filter>Header Files</Filter>
    </ClInclude>
    <ClInclude Include="FileStruct.h">
      <Filter>Header Files</Filter>
    </ClInclude>
    <ClInclude Include="FormA.h">
      <Filter>Header Files</Filter>
    </ClInclude>
    <ClInclude Include="FormB.h">
      <Filter>Header Files</Filter>
    </ClInclude>
    <ClInclude Include="MainFrm.h">
      <Filter>Header Files</Filter>
    </ClInclude>
    <ClInclude Include="Registry.h">
      <Filter>Header Files</Filter>
    </ClInclude>
    <ClInclude Include="Resource.h">
      <Filter>Header Files</Filter>
    </ClInclude>
    <ClInclude Include="Splash.h">
      <Filter>Header Files</Filter>
    </ClInclude>
    <ClInclude Include="StdAfx.h">
      <Filter>Header Files</Filter>
    </ClInclude>
    <ClInclude Include="Database.h">
      <Filter>Header Files</Filter>
    </ClInclude>
    <ClInclude Include="Batter.h">
      <Filter>Header Files</Filter>
    </ClInclude>
    <ClInclude Include="BatterStats.h">
      <Filter>Header Files</Filter>
    </ClInclude>
    <ClInclude Include="Pitcher.h">
      <Filter>Header Files</Filter>
    </ClInclude>
    <ClInclude Include="PitcherStats.h">
      <Filter>Header Files</Filter>
    </ClInclude>
    <ClInclude Include="targetver.h">
      <Filter>Header Files</Filter>
    </ClInclude>
    <ClInclude Include="Conferences.h">
      <Filter>Header Files</Filter>
    </ClInclude>
    <ClInclude Include="Divisions.h">
      <Filter>Header Files</Filter>
    </ClInclude>
    <ClInclude Include="Leagues.h">
      <Filter>Header Files</Filter>
    </ClInclude>
    <ClInclude Include="Teams.h">
      <Filter>Header Files</Filter>
    </ClInclude>
  </ItemGroup>
  <ItemGroup>
    <CustomBuild Include="res\Baseball.ico">
      <Filter>Resource Files</Filter>
    </CustomBuild>
    <CustomBuild Include="res\Baseball.rc2">
      <Filter>Resource Files</Filter>
    </CustomBuild>
    <CustomBuild Include="res\BaseballDoc.ico">
      <Filter>Resource Files</Filter>
    </CustomBuild>
    <CustomBuild Include="res\Baseballs.bmp">
      <Filter>Resource Files</Filter>
    </CustomBuild>
    <CustomBuild Include="res\bitmap1.bmp">
      <Filter>Resource Files</Filter>
    </CustomBuild>
    <CustomBuild Include="res\bmp00001.bmp">
      <Filter>Resource Files</Filter>
    </CustomBuild>
    <CustomBuild Include="res\bmp00002.bmp">
      <Filter>Resource Files</Filter>
    </CustomBuild>
    <CustomBuild Include="res\DownArrow.bmp">
      <Filter>Resource Files</Filter>
    </CustomBuild>
    <CustomBuild Include="res\DownArrowP.bmp">
      <Filter>Resource Files</Filter>
    </CustomBuild>
    <CustomBuild Include="res\Field.bmp">
      <Filter>Resource Files</Filter>
    </CustomBuild>
    <CustomBuild Include="res\field1.bmp">
      <Filter>Resource Files</Filter>
    </CustomBuild>
    <CustomBuild Include="res\FieldGray.bmp">
      <Filter>Resource Files</Filter>
    </CustomBuild>
    <CustomBuild Include="res\FieldGrayComplete.bmp">
      <Filter>Resource Files</Filter>
    </CustomBuild>
    <CustomBuild Include="res\FieldGreen.bmp">
      <Filter>Resource Files</Filter>
    </CustomBuild>
    <CustomBuild Include="res\Fieldstrikenadballs.bmp">
      <Filter>Resource Files</Filter>
    </CustomBuild>
    <CustomBuild Include="res\ScoreBoard.bmp">
      <Filter>Resource Files</Filter>
    </CustomBuild>
    <CustomBuild Include="res\Splash.bmp">
      <Filter>Resource Files</Filter>
    </CustomBuild>
    <CustomBuild Include="res\StopGame.bmp">
      <Filter>Resource Files</Filter>
    </CustomBuild>
    <CustomBuild Include="res\StopGameRed.bmp">
      <Filter>Resource Files</Filter>
    </CustomBuild>
    <CustomBuild Include="res\StopGameYellow.bmp">
      <Filter>Resource Files</Filter>
    </CustomBuild>
    <CustomBuild Include="res\Toolbar.bmp">
      <Filter>Resource Files</Filter>
    </CustomBuild>
    <CustomBuild Include="res\UpArrow.bmp">
      <Filter>Resource Files</Filter>
    </CustomBuild>
    <CustomBuild Include="res\UpArrowP.bmp">
      <Filter>Resource Files</Filter>
    </CustomBuild>
    <CustomBuild Include="hlp\AfxCore.rtf">
      <Filter>Help Files</Filter>
    </CustomBuild>
    <CustomBuild Include="hlp\AfxPrint.rtf">
      <Filter>Help Files</Filter>
    </CustomBuild>
    <CustomBuild Include="hlp\AppExit.bmp">
      <Filter>Help Files</Filter>
    </CustomBuild>
    <CustomBuild Include="hlp\Baseball.cnt">
      <Filter>Help Files</Filter>
    </CustomBuild>
    <CustomBuild Include="hlp\Bullet.bmp">
      <Filter>Help Files</Filter>
    </CustomBuild>
    <CustomBuild Include="hlp\CurArw2.bmp">
      <Filter>Help Files</Filter>
    </CustomBuild>
    <CustomBuild Include="hlp\CurArw4.bmp">
      <Filter>Help Files</Filter>
    </CustomBuild>
    <CustomBuild Include="hlp\CurHelp.bmp">
      <Filter>Help Files</Filter>
    </CustomBuild>
    <CustomBuild Include="hlp\EditCopy.bmp">
      <Filter>Help Files</Filter>
    </CustomBuild>
    <CustomBuild Include="hlp\EditCut.bmp">
      <Filter>Help Files</Filter>
    </CustomBuild>
    <CustomBuild Include="hlp\EditPast.bmp">
      <Filter>Help Files</Filter>
    </CustomBuild>
    <CustomBuild Include="hlp\EditUndo.bmp">
      <Filter>Help Files</Filter>
    </CustomBuild>
    <CustomBuild Include="hlp\FileNew.bmp">
      <Filter>Help Files</Filter>
    </CustomBuild>
    <CustomBuild Include="hlp\FileOpen.bmp">
      <Filter>Help Files</Filter>
    </CustomBuild>
    <CustomBuild Include="hlp\FilePrnt.bmp">
      <Filter>Help Files</Filter>
    </CustomBuild>
    <CustomBuild Include="hlp\FileSave.bmp">
      <Filter>Help Files</Filter>
    </CustomBuild>
    <CustomBuild Include="hlp\HlpSBar.bmp">
      <Filter>Help Files</Filter>
    </CustomBuild>
    <CustomBuild Include="hlp\HlpTBar.bmp">
      <Filter>Help Files</Filter>
    </CustomBuild>
    <CustomBuild Include="MakeHelp.bat">
      <Filter>Help Files</Filter>
    </CustomBuild>
    <CustomBuild Include="hlp\RecFirst.bmp">
      <Filter>Help Files</Filter>
    </CustomBuild>
    <CustomBuild Include="hlp\RecLast.bmp">
      <Filter>Help Files</Filter>
    </CustomBuild>
    <CustomBuild Include="hlp\RecNext.bmp">
      <Filter>Help Files</Filter>
    </CustomBuild>
    <CustomBuild Include="hlp\RecPrev.bmp">
      <Filter>Help Files</Filter>
    </CustomBuild>
    <CustomBuild Include="hlp\Scmax.bmp">
      <Filter>Help Files</Filter>
    </CustomBuild>
    <CustomBuild Include="hlp\ScMenu.bmp">
      <Filter>Help Files</Filter>
    </CustomBuild>
    <CustomBuild Include="hlp\Scmin.bmp">
      <Filter>Help Files</Filter>
    </CustomBuild>
    <CustomBuild Include="Baseball.reg" />
    <CustomBuild Include="ReadMe.txt" />
  </ItemGroup>
  <ItemGroup>
    <None Include="Baseball.accdb" />
  </ItemGroup>
</Project>